
Microsoft Visual Studio Solution File, Format Version 12.00
# Visual Studio Version 18
VisualStudioVersion = 18.3.11505.172 d18.3
MinimumVisualStudioVersion = 10.0.40219.1
Project("{FAE04EC0-301F-11D3-BF4B-00C04F79EFBC}") = "ITIGraduationProject.Api", "ITIGraduationProject.Api\ITIGraduationProject.Api.csproj", "{12D8B1F9-C560-42C2-9FF1-356957CFE7C1}"
EndProject
Project("{FAE04EC0-301F-11D3-BF4B-00C04F79EFBC}") = "ITIGraduationProject.Domain", "ITIGraduationProject.Domain\ITIGraduationProject.Domain.csproj", "{42833EC2-E5F1-4459-9D9C-B62076774131}"
EndProject
Project("{FAE04EC0-301F-11D3-BF4B-00C04F79EFBC}") = "ITIGraduationProject.Infrastructure", "ITIGraduationProject.Infrastructure\ITIGraduationProject.Infrastructure.csproj", "{C5BCE116-3647-492E-9109-AC4693325D36}"
EndProject
Project("{FAE04EC0-301F-11D3-BF4B-00C04F79EFBC}") = "ITIGraduationProject.Application", "ITIGraduationProject.Application\ITIGraduationProject.Application.csproj", "{68E7FCA8-F48B-4E87-AC4B-F32ECA2BDDFC}"
EndProject
Project("{FAE04EC0-301F-11D3-BF4B-00C04F79EFBC}") = "ITIGraduationProject.Service", "ITIGraduationProject.Service\ITIGraduationProject.Service.csproj", "{8DF81DEB-5526-0200-EF4F-133CA812A6BA}"
EndProject
Project("{FAE04EC0-301F-11D3-BF4B-00C04F79EFBC}") = "ITIGraduationProject.Test", "ITIGraduationProject.Test\ITIGraduationProject.Test.csproj", "{4F739AA0-D27B-4E28-9CF6-45CFE3968E9F}"
EndProject
Global
	GlobalSection(SolutionConfigurationPlatforms) = preSolution
		Debug|Any CPU = Debug|Any CPU
		Release|Any CPU = Release|Any CPU
	EndGlobalSection
	GlobalSection(ProjectConfigurationPlatforms) = postSolution
		{12D8B1F9-C560-42C2-9FF1-356957CFE7C1}.Debug|Any CPU.ActiveCfg = Debug|Any CPU
		{12D8B1F9-C560-42C2-9FF1-356957CFE7C1}.Debug|Any CPU.Build.0 = Debug|Any CPU
		{12D8B1F9-C560-42C2-9FF1-356957CFE7C1}.Release|Any CPU.ActiveCfg = Release|Any CPU
		{12D8B1F9-C560-42C2-9FF1-356957CFE7C1}.Release|Any CPU.Build.0 = Release|Any CPU
		{42833EC2-E5F1-4459-9D9C-B62076774131}.Debug|Any CPU.ActiveCfg = Debug|Any CPU
		{42833EC2-E5F1-4459-9D9C-B62076774131}.Debug|Any CPU.Build.0 = Debug|Any CPU
		{42833EC2-E5F1-4459-9D9C-B62076774131}.Release|Any CPU.ActiveCfg = Release|Any CPU
		{42833EC2-E5F1-4459-9D9C-B62076774131}.Release|Any CPU.Build.0 = Release|Any CPU
		{C5BCE116-3647-492E-9109-AC4693325D36}.Debug|Any CPU.ActiveCfg = Debug|Any CPU
		{C5BCE116-3647-492E-9109-AC4693325D36}.Debug|Any CPU.Build.0 = Debug|Any CPU
		{C5BCE116-3647-492E-9109-AC4693325D36}.Release|Any CPU.ActiveCfg = Release|Any CPU
		{C5BCE116-3647-492E-9109-AC4693325D36}.Release|Any CPU.Build.0 = Release|Any CPU
		{68E7FCA8-F48B-4E87-AC4B-F32ECA2BDDFC}.Debug|Any CPU.ActiveCfg = Debug|Any CPU
		{68E7FCA8-F48B-4E87-AC4B-F32ECA2BDDFC}.Debug|Any CPU.Build.0 = Debug|Any CPU
		{68E7FCA8-F48B-4E87-AC4B-F32ECA2BDDFC}.Release|Any CPU.ActiveCfg = Release|Any CPU
		{68E7FCA8-F48B-4E87-AC4B-F32ECA2BDDFC}.Release|Any CPU.Build.0 = Release|Any CPU
		{8DF81DEB-5526-0200-EF4F-133CA812A6BA}.Debug|Any CPU.ActiveCfg = Debug|Any CPU
		{8DF81DEB-5526-0200-EF4F-133CA812A6BA}.Debug|Any CPU.Build.0 = Debug|Any CPU
		{8DF81DEB-5526-0200-EF4F-133CA812A6BA}.Release|Any CPU.ActiveCfg = Release|Any CPU
		{8DF81DEB-5526-0200-EF4F-133CA812A6BA}.Release|Any CPU.Build.0 = Release|Any CPU
		{4F739AA0-D27B-4E28-9CF6-45CFE3968E9F}.Debug|Any CPU.ActiveCfg = Debug|Any CPU
		{4F739AA0-D27B-4E28-9CF6-45CFE3968E9F}.Debug|Any CPU.Build.0 = Debug|Any CPU
		{4F739AA0-D27B-4E28-9CF6-45CFE3968E9F}.Release|Any CPU.ActiveCfg = Release|Any CPU
		{4F739AA0-D27B-4E28-9CF6-45CFE3968E9F}.Release|Any CPU.Build.0 = Release|Any CPU
	EndGlobalSection
	GlobalSection(SolutionProperties) = preSolution
		HideSolutionNode = FALSE
	EndGlobalSection
	GlobalSection(ExtensibilityGlobals) = postSolution
		SolutionGuid = {18A03C6A-0B0F-4C6F-BB2D-60A0B3A07B60}
	EndGlobalSection
EndGlobal
